
Microsoft Visual Studio Solution File, Format Version 12.00
# Visual Studio Version 16
VisualStudioVersion = 16.0.29613.14
MinimumVisualStudioVersion = 10.0.40219.1
Project("{FAE04EC0-301F-11D3-BF4B-00C04F79EFBC}") = "processBPM", "processBPM.csproj", "{260E6AB7-D256-4E85-A7D7-159C86D2B8B1}"
EndProject
Project("{2150E333-8FDC-42A3-9474-1A3956D46DE8}") = "SolutionItems", "SolutionItems", "{5449EA10-9B34-46A6-89DE-15E57AAB0E2C}"
	ProjectSection(SolutionItems) = preProject
		README.md = README.md
	EndProjectSection
EndProject
Global
	GlobalSection(SolutionConfigurationPlatforms) = preSolution
		Debug|Any CPU = Debug|Any CPU
		Release|Any CPU = Release|Any CPU
	EndGlobalSection
	GlobalSection(ProjectConfigurationPlatforms) = postSolution
		{260E6AB7-D256-4E85-A7D7-159C86D2B8B1}.Debug|Any CPU.ActiveCfg = Debug|Any CPU
		{260E6AB7-D256-4E85-A7D7-159C86D2B8B1}.Debug|Any CPU.Build.0 = Debug|Any CPU
		{260E6AB7-D256-4E85-A7D7-159C86D2B8B1}.Release|Any CPU.ActiveCfg = Release|Any CPU
		{260E6AB7-D256-4E85-A7D7-159C86D2B8B1}.Release|Any CPU.Build.0 = Release|Any CPU
	EndGlobalSection
	GlobalSection(SolutionProperties) = preSolution
		HideSolutionNode = FALSE
	EndGlobalSection
	GlobalSection(ExtensibilityGlobals) = postSolution
		SolutionGuid = {D4A07DDB-5EE0-446A-B36D-FDF969F3FA37}
	EndGlobalSection
EndGlobal
